
Microsoft Visual Studio Solution File, Format Version 12.00
# Visual Studio Version 17
VisualStudioVersion = 17.9.34728.123
MinimumVisualStudioVersion = 10.0.40219.1
Project("{FAE04EC0-301F-11D3-BF4B-00C04F79EFBC}") = "Klason_A", "Klason_A\Klason_A.csproj", "{0FBB8170-BCEE-433E-BDF7-210BAB1FD5D9}"
EndProject
Global
	GlobalSection(SolutionConfigurationPlatforms) = preSolution
		Debug|Any CPU = Debug|Any CPU
		Release|Any CPU = Release|Any CPU
	EndGlobalSection
	GlobalSection(ProjectConfigurationPlatforms) = postSolution
		{0FBB8170-BCEE-433E-BDF7-210BAB1FD5D9}.Debug|Any CPU.ActiveCfg = Debug|Any CPU
		{0FBB8170-BCEE-433E-BDF7-210BAB1FD5D9}.Debug|Any CPU.Build.0 = Debug|Any CPU
		{0FBB8170-BCEE-433E-BDF7-210BAB1FD5D9}.Release|Any CPU.ActiveCfg = Release|Any CPU
		{0FBB8170-BCEE-433E-BDF7-210BAB1FD5D9}.Release|Any CPU.Build.0 = Release|Any CPU
	EndGlobalSection
	GlobalSection(SolutionProperties) = preSolution
		HideSolutionNode = FALSE
	EndGlobalSection
	GlobalSection(ExtensibilityGlobals) = postSolution
		SolutionGuid = {2049B0A1-2DC9-438B-B9F1-675704514EE7}
	EndGlobalSection
EndGlobal
